
Microsoft Visual Studio Solution File, Format Version 12.00
# Visual Studio 15
VisualStudioVersion = 15.0.26124.0
MinimumVisualStudioVersion = 15.0.26124.0
Project("{FAE04EC0-301F-11D3-BF4B-00C04F79EFBC}") = "manterFichaDeD", "manterFichaDeD\manterFichaDeD.csproj", "{8EFE1CC1-31D9-43D0-B0F3-A3C10181E4B3}"
EndProject
Project("{FAE04EC0-301F-11D3-BF4B-00C04F79EFBC}") = "Camada.BLL", "Camada.BLL\Camada.BLL.csproj", "{A59E80AE-9A32-4A3D-80AE-2643B079AEF3}"
EndProject
Project("{FAE04EC0-301F-11D3-BF4B-00C04F79EFBC}") = "Camada.TestUnit", "Camada.TestUnit\Camada.TestUnit.csproj", "{10A19569-98ED-4521-B08B-C264B7D5594E}"
EndProject
Global
	GlobalSection(SolutionConfigurationPlatforms) = preSolution
		Debug|Any CPU = Debug|Any CPU
		Debug|x64 = Debug|x64
		Debug|x86 = Debug|x86
		Release|Any CPU = Release|Any CPU
		Release|x64 = Release|x64
		Release|x86 = Release|x86
	EndGlobalSection
	GlobalSection(SolutionProperties) = preSolution
		HideSolutionNode = FALSE
	EndGlobalSection
	GlobalSection(ProjectConfigurationPlatforms) = postSolution
		{8EFE1CC1-31D9-43D0-B0F3-A3C10181E4B3}.Debug|Any CPU.ActiveCfg = Debug|Any CPU
		{8EFE1CC1-31D9-43D0-B0F3-A3C10181E4B3}.Debug|Any CPU.Build.0 = Debug|Any CPU
		{8EFE1CC1-31D9-43D0-B0F3-A3C10181E4B3}.Debug|x64.ActiveCfg = Debug|x64
		{8EFE1CC1-31D9-43D0-B0F3-A3C10181E4B3}.Debug|x64.Build.0 = Debug|x64
		{8EFE1CC1-31D9-43D0-B0F3-A3C10181E4B3}.Debug|x86.ActiveCfg = Debug|x86
		{8EFE1CC1-31D9-43D0-B0F3-A3C10181E4B3}.Debug|x86.Build.0 = Debug|x86
		{8EFE1CC1-31D9-43D0-B0F3-A3C10181E4B3}.Release|Any CPU.ActiveCfg = Release|Any CPU
		{8EFE1CC1-31D9-43D0-B0F3-A3C10181E4B3}.Release|Any CPU.Build.0 = Release|Any CPU
		{8EFE1CC1-31D9-43D0-B0F3-A3C10181E4B3}.Release|x64.ActiveCfg = Release|x64
		{8EFE1CC1-31D9-43D0-B0F3-A3C10181E4B3}.Release|x64.Build.0 = Release|x64
		{8EFE1CC1-31D9-43D0-B0F3-A3C10181E4B3}.Release|x86.ActiveCfg = Release|x86
		{8EFE1CC1-31D9-43D0-B0F3-A3C10181E4B3}.Release|x86.Build.0 = Release|x86
		{A59E80AE-9A32-4A3D-80AE-2643B079AEF3}.Debug|Any CPU.ActiveCfg = Debug|Any CPU
		{A59E80AE-9A32-4A3D-80AE-2643B079AEF3}.Debug|Any CPU.Build.0 = Debug|Any CPU
		{A59E80AE-9A32-4A3D-80AE-2643B079AEF3}.Debug|x64.ActiveCfg = Debug|x64
		{A59E80AE-9A32-4A3D-80AE-2643B079AEF3}.Debug|x64.Build.0 = Debug|x64
		{A59E80AE-9A32-4A3D-80AE-2643B079AEF3}.Debug|x86.ActiveCfg = Debug|x86
		{A59E80AE-9A32-4A3D-80AE-2643B079AEF3}.Debug|x86.Build.0 = Debug|x86
		{A59E80AE-9A32-4A3D-80AE-2643B079AEF3}.Release|Any CPU.ActiveCfg = Release|Any CPU
		{A59E80AE-9A32-4A3D-80AE-2643B079AEF3}.Release|Any CPU.Build.0 = Release|Any CPU
		{A59E80AE-9A32-4A3D-80AE-2643B079AEF3}.Release|x64.ActiveCfg = Release|x64
		{A59E80AE-9A32-4A3D-80AE-2643B079AEF3}.Release|x64.Build.0 = Release|x64
		{A59E80AE-9A32-4A3D-80AE-2643B079AEF3}.Release|x86.ActiveCfg = Release|x86
		{A59E80AE-9A32-4A3D-80AE-2643B079AEF3}.Release|x86.Build.0 = Release|x86
		{10A19569-98ED-4521-B08B-C264B7D5594E}.Debug|Any CPU.ActiveCfg = Debug|Any CPU
		{10A19569-98ED-4521-B08B-C264B7D5594E}.Debug|Any CPU.Build.0 = Debug|Any CPU
		{10A19569-98ED-4521-B08B-C264B7D5594E}.Debug|x64.ActiveCfg = Debug|x64
		{10A19569-98ED-4521-B08B-C264B7D5594E}.Debug|x64.Build.0 = Debug|x64
		{10A19569-98ED-4521-B08B-C264B7D5594E}.Debug|x86.ActiveCfg = Debug|x86
		{10A19569-98ED-4521-B08B-C264B7D5594E}.Debug|x86.Build.0 = Debug|x86
		{10A19569-98ED-4521-B08B-C264B7D5594E}.Release|Any CPU.ActiveCfg = Release|Any CPU
		{10A19569-98ED-4521-B08B-C264B7D5594E}.Release|Any CPU.Build.0 = Release|Any CPU
		{10A19569-98ED-4521-B08B-C264B7D5594E}.Release|x64.ActiveCfg = Release|x64
		{10A19569-98ED-4521-B08B-C264B7D5594E}.Release|x64.Build.0 = Release|x64
		{10A19569-98ED-4521-B08B-C264B7D5594E}.Release|x86.ActiveCfg = Release|x86
		{10A19569-98ED-4521-B08B-C264B7D5594E}.Release|x86.Build.0 = Release|x86
	EndGlobalSection
EndGlobal
